
Microsoft Visual Studio Solution File, Format Version 12.00
# Visual Studio Version 17
VisualStudioVersion = 17.9.34723.18
MinimumVisualStudioVersion = 10.0.40219.1
Project("{FAE04EC0-301F-11D3-BF4B-00C04F79EFBC}") = "ShapresRUs", "ShapresRUs.csproj", "{E6998A73-CF80-4365-B816-F0A604763DFE}"
EndProject
Global
	GlobalSection(SolutionConfigurationPlatforms) = preSolution
		Debug|Any CPU = Debug|Any CPU
		Release|Any CPU = Release|Any CPU
	EndGlobalSection
	GlobalSection(ProjectConfigurationPlatforms) = postSolution
		{E6998A73-CF80-4365-B816-F0A604763DFE}.Debug|Any CPU.ActiveCfg = Debug|Any CPU
		{E6998A73-CF80-4365-B816-F0A604763DFE}.Debug|Any CPU.Build.0 = Debug|Any CPU
		{E6998A73-CF80-4365-B816-F0A604763DFE}.Release|Any CPU.ActiveCfg = Release|Any CPU
		{E6998A73-CF80-4365-B816-F0A604763DFE}.Release|Any CPU.Build.0 = Release|Any CPU
	EndGlobalSection
	GlobalSection(SolutionProperties) = preSolution
		HideSolutionNode = FALSE
	EndGlobalSection
	GlobalSection(ExtensibilityGlobals) = postSolution
		SolutionGuid = {D24BEE8A-511A-4664-B13D-D5A91342E31E}
	EndGlobalSection
EndGlobal
